
Microsoft Visual Studio Solution File, Format Version 12.00
# Visual Studio Version 17
VisualStudioVersion = 17.0.31903.59
MinimumVisualStudioVersion = 10.0.40219.1
Project("{2150E333-8FDC-42A3-9474-1A3956D46DE8}") = "src", "src", "{827E0CD3-B72D-47B6-A68D-7590B98EB39B}"
EndProject
Project("{2150E333-8FDC-42A3-9474-1A3956D46DE8}") = "backend", "backend", "{FE360695-3F2B-1049-3887-35FBB5135923}"
EndProject
Project("{FAE04EC0-301F-11D3-BF4B-00C04F79EFBC}") = "ETOmniverse.Api", "src\backend\ETOmniverse.Api\ETOmniverse.Api.csproj", "{73D135A0-39EF-44BA-9DD7-B79A19A66BB8}"
EndProject
Project("{FAE04EC0-301F-11D3-BF4B-00C04F79EFBC}") = "ETOmniverse.Infrastructure", "src\backend\ETOmniverse.Infrastructure\ETOmniverse.Infrastructure.csproj", "{3737F912-EAA7-4EF7-ADFC-523E2C104F74}"
EndProject
Project("{FAE04EC0-301F-11D3-BF4B-00C04F79EFBC}") = "ETOmniverse.Domain", "src\backend\ETOmniverse.Domain\ETOmniverse.Domain.csproj", "{91B28432-3505-4742-9C13-6223AED6B40D}"
EndProject
Project("{FAE04EC0-301F-11D3-BF4B-00C04F79EFBC}") = "ETOmniverse.Common", "src\backend\ETOmniverse.Common\ETOmniverse.Common.csproj", "{2526AA86-3435-474B-9D46-BBDAF2F09A95}"
EndProject
Project("{FAE04EC0-301F-11D3-BF4B-00C04F79EFBC}") = "ETOmniverse.Tools.ConfigTool", "src\backend\ETOmniverse.Tools.ConfigTool\ETOmniverse.Tools.ConfigTool.csproj", "{53930B8B-EBE9-43AB-912C-336564024731}"
EndProject
Project("{2150E333-8FDC-42A3-9474-1A3956D46DE8}") = "tests", "tests", "{0AB3BF05-4346-4AA6-1389-037BE0695223}"
EndProject
Project("{2150E333-8FDC-42A3-9474-1A3956D46DE8}") = "backend", "backend", "{C62EED4C-2AC9-F50F-E0BC-649CFEA98BDB}"
EndProject
Project("{FAE04EC0-301F-11D3-BF4B-00C04F79EFBC}") = "ETOmniverse.Domain.Tests", "tests\backend\ETOmniverse.Domain.Tests\ETOmniverse.Domain.Tests.csproj", "{11140101-9F0F-4697-BE62-D618420F4350}"
EndProject
Project("{FAE04EC0-301F-11D3-BF4B-00C04F79EFBC}") = "ETOmniverse.Api.Tests", "tests\backend\ETOmniverse.Api.Tests\ETOmniverse.Api.Tests.csproj", "{79CD9337-F607-44BB-8F62-B91C11C1D46E}"
EndProject
Global
	GlobalSection(SolutionConfigurationPlatforms) = preSolution
		Debug|Any CPU = Debug|Any CPU
		Debug|x64 = Debug|x64
		Debug|x86 = Debug|x86
		Release|Any CPU = Release|Any CPU
		Release|x64 = Release|x64
		Release|x86 = Release|x86
	EndGlobalSection
	GlobalSection(ProjectConfigurationPlatforms) = postSolution
		{73D135A0-39EF-44BA-9DD7-B79A19A66BB8}.Debug|Any CPU.ActiveCfg = Debug|Any CPU
		{73D135A0-39EF-44BA-9DD7-B79A19A66BB8}.Debug|Any CPU.Build.0 = Debug|Any CPU
		{73D135A0-39EF-44BA-9DD7-B79A19A66BB8}.Debug|x64.ActiveCfg = Debug|Any CPU
		{73D135A0-39EF-44BA-9DD7-B79A19A66BB8}.Debug|x64.Build.0 = Debug|Any CPU
		{73D135A0-39EF-44BA-9DD7-B79A19A66BB8}.Debug|x86.ActiveCfg = Debug|Any CPU
		{73D135A0-39EF-44BA-9DD7-B79A19A66BB8}.Debug|x86.Build.0 = Debug|Any CPU
		{73D135A0-39EF-44BA-9DD7-B79A19A66BB8}.Release|Any CPU.ActiveCfg = Release|Any CPU
		{73D135A0-39EF-44BA-9DD7-B79A19A66BB8}.Release|Any CPU.Build.0 = Release|Any CPU
		{73D135A0-39EF-44BA-9DD7-B79A19A66BB8}.Release|x64.ActiveCfg = Release|Any CPU
		{73D135A0-39EF-44BA-9DD7-B79A19A66BB8}.Release|x64.Build.0 = Release|Any CPU
		{73D135A0-39EF-44BA-9DD7-B79A19A66BB8}.Release|x86.ActiveCfg = Release|Any CPU
		{73D135A0-39EF-44BA-9DD7-B79A19A66BB8}.Release|x86.Build.0 = Release|Any CPU
		{3737F912-EAA7-4EF7-ADFC-523E2C104F74}.Debug|Any CPU.ActiveCfg = Debug|Any CPU
		{3737F912-EAA7-4EF7-ADFC-523E2C104F74}.Debug|Any CPU.Build.0 = Debug|Any CPU
		{3737F912-EAA7-4EF7-ADFC-523E2C104F74}.Debug|x64.ActiveCfg = Debug|Any CPU
		{3737F912-EAA7-4EF7-ADFC-523E2C104F74}.Debug|x64.Build.0 = Debug|Any CPU
		{3737F912-EAA7-4EF7-ADFC-523E2C104F74}.Debug|x86.ActiveCfg = Debug|Any CPU
		{3737F912-EAA7-4EF7-ADFC-523E2C104F74}.Debug|x86.Build.0 = Debug|Any CPU
		{3737F912-EAA7-4EF7-ADFC-523E2C104F74}.Release|Any CPU.ActiveCfg = Release|Any CPU
		{3737F912-EAA7-4EF7-ADFC-523E2C104F74}.Release|Any CPU.Build.0 = Release|Any CPU
		{3737F912-EAA7-4EF7-ADFC-523E2C104F74}.Release|x64.ActiveCfg = Release|Any CPU
		{3737F912-EAA7-4EF7-ADFC-523E2C104F74}.Release|x64.Build.0 = Release|Any CPU
		{3737F912-EAA7-4EF7-ADFC-523E2C104F74}.Release|x86.ActiveCfg = Release|Any CPU
		{3737F912-EAA7-4EF7-ADFC-523E2C104F74}.Release|x86.Build.0 = Release|Any CPU
		{91B28432-3505-4742-9C13-6223AED6B40D}.Debug|Any CPU.ActiveCfg = Debug|Any CPU
		{91B28432-3505-4742-9C13-6223AED6B40D}.Debug|Any CPU.Build.0 = Debug|Any CPU
		{91B28432-3505-4742-9C13-6223AED6B40D}.Debug|x64.ActiveCfg = Debug|Any CPU
		{91B28432-3505-4742-9C13-6223AED6B40D}.Debug|x64.Build.0 = Debug|Any CPU
		{91B28432-3505-4742-9C13-6223AED6B40D}.Debug|x86.ActiveCfg = Debug|Any CPU
		{91B28432-3505-4742-9C13-6223AED6B40D}.Debug|x86.Build.0 = Debug|Any CPU
		{91B28432-3505-4742-9C13-6223AED6B40D}.Release|Any CPU.ActiveCfg = Release|Any CPU
		{91B28432-3505-4742-9C13-6223AED6B40D}.Release|Any CPU.Build.0 = Release|Any CPU
		{91B28432-3505-4742-9C13-6223AED6B40D}.Release|x64.ActiveCfg = Release|Any CPU
		{91B28432-3505-4742-9C13-6223AED6B40D}.Release|x64.Build.0 = Release|Any CPU
		{91B28432-3505-4742-9C13-6223AED6B40D}.Release|x86.ActiveCfg = Release|Any CPU
		{91B28432-3505-4742-9C13-6223AED6B40D}.Release|x86.Build.0 = Release|Any CPU
		{2526AA86-3435-474B-9D46-BBDAF2F09A95}.Debug|Any CPU.ActiveCfg = Debug|Any CPU
		{2526AA86-3435-474B-9D46-BBDAF2F09A95}.Debug|Any CPU.Build.0 = Debug|Any CPU
		{2526AA86-3435-474B-9D46-BBDAF2F09A95}.Debug|x64.ActiveCfg = Debug|Any CPU
		{2526AA86-3435-474B-9D46-BBDAF2F09A95}.Debug|x64.Build.0 = Debug|Any CPU
		{2526AA86-3435-474B-9D46-BBDAF2F09A95}.Debug|x86.ActiveCfg = Debug|Any CPU
		{2526AA86-3435-474B-9D46-BBDAF2F09A95}.Debug|x86.Build.0 = Debug|Any CPU
		{2526AA86-3435-474B-9D46-BBDAF2F09A95}.Release|Any CPU.ActiveCfg = Release|Any CPU
		{2526AA86-3435-474B-9D46-BBDAF2F09A95}.Release|Any CPU.Build.0 = Release|Any CPU
		{2526AA86-3435-474B-9D46-BBDAF2F09A95}.Release|x64.ActiveCfg = Release|Any CPU
		{2526AA86-3435-474B-9D46-BBDAF2F09A95}.Release|x64.Build.0 = Release|Any CPU
		{2526AA86-3435-474B-9D46-BBDAF2F09A95}.Release|x86.ActiveCfg = Release|Any CPU
		{2526AA86-3435-474B-9D46-BBDAF2F09A95}.Release|x86.Build.0 = Release|Any CPU
		{53930B8B-EBE9-43AB-912C-336564024731}.Debug|Any CPU.ActiveCfg = Debug|Any CPU
		{53930B8B-EBE9-43AB-912C-336564024731}.Debug|Any CPU.Build.0 = Debug|Any CPU
		{53930B8B-EBE9-43AB-912C-336564024731}.Debug|x64.ActiveCfg = Debug|Any CPU
		{53930B8B-EBE9-43AB-912C-336564024731}.Debug|x64.Build.0 = Debug|Any CPU
		{53930B8B-EBE9-43AB-912C-336564024731}.Debug|x86.ActiveCfg = Debug|Any CPU
		{53930B8B-EBE9-43AB-912C-336564024731}.Debug|x86.Build.0 = Debug|Any CPU
		{53930B8B-EBE9-43AB-912C-336564024731}.Release|Any CPU.ActiveCfg = Release|Any CPU
		{53930B8B-EBE9-43AB-912C-336564024731}.Release|Any CPU.Build.0 = Release|Any CPU
		{53930B8B-EBE9-43AB-912C-336564024731}.Release|x64.ActiveCfg = Release|Any CPU
		{53930B8B-EBE9-43AB-912C-336564024731}.Release|x64.Build.0 = Release|Any CPU
		{53930B8B-EBE9-43AB-912C-336564024731}.Release|x86.ActiveCfg = Release|Any CPU
		{53930B8B-EBE9-43AB-912C-336564024731}.Release|x86.Build.0 = Release|Any CPU
		{11140101-9F0F-4697-BE62-D618420F4350}.Debug|Any CPU.ActiveCfg = Debug|Any CPU
		{11140101-9F0F-4697-BE62-D618420F4350}.Debug|Any CPU.Build.0 = Debug|Any CPU
		{11140101-9F0F-4697-BE62-D618420F4350}.Debug|x64.ActiveCfg = Debug|Any CPU
		{11140101-9F0F-4697-BE62-D618420F4350}.Debug|x64.Build.0 = Debug|Any CPU
		{11140101-9F0F-4697-BE62-D618420F4350}.Debug|x86.ActiveCfg = Debug|Any CPU
		{11140101-9F0F-4697-BE62-D618420F4350}.Debug|x86.Build.0 = Debug|Any CPU
		{11140101-9F0F-4697-BE62-D618420F4350}.Release|Any CPU.ActiveCfg = Release|Any CPU
		{11140101-9F0F-4697-BE62-D618420F4350}.Release|Any CPU.Build.0 = Release|Any CPU
		{11140101-9F0F-4697-BE62-D618420F4350}.Release|x64.ActiveCfg = Release|Any CPU
		{11140101-9F0F-4697-BE62-D618420F4350}.Release|x64.Build.0 = Release|Any CPU
		{11140101-9F0F-4697-BE62-D618420F4350}.Release|x86.ActiveCfg = Release|Any CPU
		{11140101-9F0F-4697-BE62-D618420F4350}.Release|x86.Build.0 = Release|Any CPU
		{79CD9337-F607-44BB-8F62-B91C11C1D46E}.Debug|Any CPU.ActiveCfg = Debug|Any CPU
		{79CD9337-F607-44BB-8F62-B91C11C1D46E}.Debug|Any CPU.Build.0 = Debug|Any CPU
		{79CD9337-F607-44BB-8F62-B91C11C1D46E}.Debug|x64.ActiveCfg = Debug|Any CPU
		{79CD9337-F607-44BB-8F62-B91C11C1D46E}.Debug|x64.Build.0 = Debug|Any CPU
		{79CD9337-F607-44BB-8F62-B91C11C1D46E}.Debug|x86.ActiveCfg = Debug|Any CPU
		{79CD9337-F607-44BB-8F62-B91C11C1D46E}.Debug|x86.Build.0 = Debug|Any CPU
		{79CD9337-F607-44BB-8F62-B91C11C1D46E}.Release|Any CPU.ActiveCfg = Release|Any CPU
		{79CD9337-F607-44BB-8F62-B91C11C1D46E}.Release|Any CPU.Build.0 = Release|Any CPU
		{79CD9337-F607-44BB-8F62-B91C11C1D46E}.Release|x64.ActiveCfg = Release|Any CPU
		{79CD9337-F607-44BB-8F62-B91C11C1D46E}.Release|x64.Build.0 = Release|Any CPU
		{79CD9337-F607-44BB-8F62-B91C11C1D46E}.Release|x86.ActiveCfg = Release|Any CPU
		{79CD9337-F607-44BB-8F62-B91C11C1D46E}.Release|x86.Build.0 = Release|Any CPU
	EndGlobalSection
	GlobalSection(SolutionProperties) = preSolution
		HideSolutionNode = FALSE
	EndGlobalSection
	GlobalSection(NestedProjects) = preSolution
		{FE360695-3F2B-1049-3887-35FBB5135923} = {827E0CD3-B72D-47B6-A68D-7590B98EB39B}
		{73D135A0-39EF-44BA-9DD7-B79A19A66BB8} = {FE360695-3F2B-1049-3887-35FBB5135923}
		{3737F912-EAA7-4EF7-ADFC-523E2C104F74} = {FE360695-3F2B-1049-3887-35FBB5135923}
		{91B28432-3505-4742-9C13-6223AED6B40D} = {FE360695-3F2B-1049-3887-35FBB5135923}
		{2526AA86-3435-474B-9D46-BBDAF2F09A95} = {FE360695-3F2B-1049-3887-35FBB5135923}
		{53930B8B-EBE9-43AB-912C-336564024731} = {FE360695-3F2B-1049-3887-35FBB5135923}
		{C62EED4C-2AC9-F50F-E0BC-649CFEA98BDB} = {0AB3BF05-4346-4AA6-1389-037BE0695223}
		{11140101-9F0F-4697-BE62-D618420F4350} = {C62EED4C-2AC9-F50F-E0BC-649CFEA98BDB}
		{79CD9337-F607-44BB-8F62-B91C11C1D46E} = {C62EED4C-2AC9-F50F-E0BC-649CFEA98BDB}
	EndGlobalSection
EndGlobal
